
Microsoft Visual Studio Solution File, Format Version 12.00
# Visual Studio Version 17
VisualStudioVersion = 17.0.31903.59
MinimumVisualStudioVersion = 10.0.40219.1
Project("{FAE04EC0-301F-11D3-BF4B-00C04F79EFBC}") = "Accesia.API", "Accesia.API\Accesia.API.csproj", "{F45807DA-F24A-4038-A6EC-974168DD8521}"
EndProject
Project("{FAE04EC0-301F-11D3-BF4B-00C04F79EFBC}") = "Accesia.Application", "Accesia.Application\Accesia.Application.csproj", "{C709B240-550B-41B7-B411-12FF9A4A0954}"
EndProject
Project("{FAE04EC0-301F-11D3-BF4B-00C04F79EFBC}") = "Accesia.Domain", "Accesia.Domain\Accesia.Domain.csproj", "{6AB3E86F-BBB2-4F56-AB15-00EE6E25E61F}"
EndProject
Project("{FAE04EC0-301F-11D3-BF4B-00C04F79EFBC}") = "Accesia.Infrastructure", "Accesia.Infrastructure\Accesia.Infrastructure.csproj", "{CBAB8F2C-B294-40FB-B58E-4580242F303E}"
EndProject
Global
	GlobalSection(SolutionConfigurationPlatforms) = preSolution
		Debug|Any CPU = Debug|Any CPU
		Release|Any CPU = Release|Any CPU
	EndGlobalSection
	GlobalSection(SolutionProperties) = preSolution
		HideSolutionNode = FALSE
	EndGlobalSection
	GlobalSection(ProjectConfigurationPlatforms) = postSolution
		{F45807DA-F24A-4038-A6EC-974168DD8521}.Debug|Any CPU.ActiveCfg = Debug|Any CPU
		{F45807DA-F24A-4038-A6EC-974168DD8521}.Debug|Any CPU.Build.0 = Debug|Any CPU
		{F45807DA-F24A-4038-A6EC-974168DD8521}.Release|Any CPU.ActiveCfg = Release|Any CPU
		{F45807DA-F24A-4038-A6EC-974168DD8521}.Release|Any CPU.Build.0 = Release|Any CPU
		{C709B240-550B-41B7-B411-12FF9A4A0954}.Debug|Any CPU.ActiveCfg = Debug|Any CPU
		{C709B240-550B-41B7-B411-12FF9A4A0954}.Debug|Any CPU.Build.0 = Debug|Any CPU
		{C709B240-550B-41B7-B411-12FF9A4A0954}.Release|Any CPU.ActiveCfg = Release|Any CPU
		{C709B240-550B-41B7-B411-12FF9A4A0954}.Release|Any CPU.Build.0 = Release|Any CPU
		{6AB3E86F-BBB2-4F56-AB15-00EE6E25E61F}.Debug|Any CPU.ActiveCfg = Debug|Any CPU
		{6AB3E86F-BBB2-4F56-AB15-00EE6E25E61F}.Debug|Any CPU.Build.0 = Debug|Any CPU
		{6AB3E86F-BBB2-4F56-AB15-00EE6E25E61F}.Release|Any CPU.ActiveCfg = Release|Any CPU
		{6AB3E86F-BBB2-4F56-AB15-00EE6E25E61F}.Release|Any CPU.Build.0 = Release|Any CPU
		{CBAB8F2C-B294-40FB-B58E-4580242F303E}.Debug|Any CPU.ActiveCfg = Debug|Any CPU
		{CBAB8F2C-B294-40FB-B58E-4580242F303E}.Debug|Any CPU.Build.0 = Debug|Any CPU
		{CBAB8F2C-B294-40FB-B58E-4580242F303E}.Release|Any CPU.ActiveCfg = Release|Any CPU
		{CBAB8F2C-B294-40FB-B58E-4580242F303E}.Release|Any CPU.Build.0 = Release|Any CPU
	EndGlobalSection
EndGlobal
